// !$*UTF8*$!
{
	archiveVersion = 1;
	classes = {
	};
	objectVersion = 46;
	objects = {

/* Begin PBXBuildFile section */
		493CD37A1EADDAD300E4FB57 /* main.cpp in Sources */ = {isa = PBXBuildFile; fileRef = 493CD3791EADDAD300E4FB57 /* main.cpp */; };
		493CD37D1EAE3F2600E4FB57 /* OpenGL.framework in Frameworks */ = {isa = PBXBuildFile; fileRef = 493CD37C1EAE3F2600E4FB57 /* OpenGL.framework */; };
		493CD3801EAE3F4500E4FB57 /* SDL2_image.framework in Frameworks */ = {isa = PBXBuildFile; fileRef = 493CD37E1EAE3F4500E4FB57 /* SDL2_image.framework */; };
		493CD3811EAE3F4500E4FB57 /* SDL2.framework in Frameworks */ = {isa = PBXBuildFile; fileRef = 493CD37F1EAE3F4500E4FB57 /* SDL2.framework */; };
		49CC18751EAFBC01007EB9AA /* Morph.cpp in Sources */ = {isa = PBXBuildFile; fileRef = 49CC18731EAFBC01007EB9AA /* Morph.cpp */; };
/* End PBXBuildFile section */

/* Begin PBXCopyFilesBuildPhase section */
		493CD36D1EADD91B00E4FB57 /* CopyFiles */ = {
			isa = PBXCopyFilesBuildPhase;
			buildActionMask = 2147483647;
			dstPath = /usr/share/man/man1/;
			dstSubfolderSpec = 0;
			files = (
			);
			runOnlyForDeploymentPostprocessing = 1;
		};
/* End PBXCopyFilesBuildPhase section */

/* Begin PBXFileReference section */
		493CD36F1EADD91B00E4FB57 /* Mesher */ = {isa = PBXFileReference; explicitFileType = "compiled.mach-o.executable"; includeInIndex = 0; path = Mesher; sourceTree = BUILT_PRODUCTS_DIR; };
		493CD3791EADDAD300E4FB57 /* main.cpp */ = {isa = PBXFileReference; fileEncoding = 4; lastKnownFileType = sourcecode.cpp.cpp; name = main.cpp; path = source/main.cpp; sourceTree = "<group>"; };
		493CD37C1EAE3F2600E4FB57 /* OpenGL.framework */ = {isa = PBXFileReference; lastKnownFileType = wrapper.framework; name = OpenGL.framework; path = System/Library/Frameworks/OpenGL.framework; sourceTree = SDKROOT; };
		493CD37E1EAE3F4500E4FB57 /* SDL2_image.framework */ = {isa = PBXFileReference; lastKnownFileType = wrapper.framework; name = SDL2_image.framework; path = ../../../../Library/Frameworks/SDL2_image.framework; sourceTree = "<group>"; };
		493CD37F1EAE3F4500E4FB57 /* SDL2.framework */ = {isa = PBXFileReference; lastKnownFileType = wrapper.framework; name = SDL2.framework; path = ../../../../Library/Frameworks/SDL2.framework; sourceTree = "<group>"; };
		49A616CD1EC78FD700025A1E /* SurfaceMeasures.h */ = {isa = PBXFileReference; lastKnownFileType = sourcecode.c.h; path = SurfaceMeasures.h; sourceTree = "<group>"; };
		49CC186D1EAFBBA9007EB9AA /* Attribute.h */ = {isa = PBXFileReference; fileEncoding = 4; lastKnownFileType = sourcecode.c.h; path = Attribute.h; sourceTree = "<group>"; };
		49CC186E1EAFBBA9007EB9AA /* ID.h */ = {isa = PBXFileReference; fileEncoding = 4; lastKnownFileType = sourcecode.c.h; path = ID.h; sourceTree = "<group>"; };
		49CC186F1EAFBBA9007EB9AA /* Mesh.h */ = {isa = PBXFileReference; fileEncoding = 4; lastKnownFileType = sourcecode.c.h; path = Mesh.h; sourceTree = "<group>"; };
		49CC18701EAFBBA9007EB9AA /* MeshCreator.h */ = {isa = PBXFileReference; fileEncoding = 4; lastKnownFileType = sourcecode.c.h; path = MeshCreator.h; sourceTree = "<group>"; };
		49CC18731EAFBC01007EB9AA /* Morph.cpp */ = {isa = PBXFileReference; fileEncoding = 4; lastKnownFileType = sourcecode.cpp.cpp; name = Morph.cpp; path = source/Morph.cpp; sourceTree = "<group>"; };
		49CC18741EAFBC01007EB9AA /* Morph.hpp */ = {isa = PBXFileReference; fileEncoding = 4; lastKnownFileType = sourcecode.cpp.h; name = Morph.hpp; path = source/Morph.hpp; sourceTree = "<group>"; };
		49CC18761EAFBE62007EB9AA /* Search.h */ = {isa = PBXFileReference; lastKnownFileType = sourcecode.c.h; path = Search.h; sourceTree = "<group>"; };
/* End PBXFileReference section */

/* Begin PBXFrameworksBuildPhase section */
		493CD36C1EADD91B00E4FB57 /* Frameworks */ = {
			isa = PBXFrameworksBuildPhase;
			buildActionMask = 2147483647;
			files = (
				493CD37D1EAE3F2600E4FB57 /* OpenGL.framework in Frameworks */,
				493CD3801EAE3F4500E4FB57 /* SDL2_image.framework in Frameworks */,
				493CD3811EAE3F4500E4FB57 /* SDL2.framework in Frameworks */,
			);
			runOnlyForDeploymentPostprocessing = 0;
		};
/* End PBXFrameworksBuildPhase section */

/* Begin PBXGroup section */
		493CD3661EADD91B00E4FB57 = {
			isa = PBXGroup;
			children = (
				49CC186C1EAFBBA9007EB9AA /* Mesh */,
				49CC18721EAFBBE5007EB9AA /* Mesher */,
				493CD3791EADDAD300E4FB57 /* main.cpp */,
				493CD3701EADD91B00E4FB57 /* Products */,
				493CD37B1EAE3F2600E4FB57 /* Frameworks */,
			);
			sourceTree = "<group>";
		};
		493CD3701EADD91B00E4FB57 /* Products */ = {
			isa = PBXGroup;
			children = (
				493CD36F1EADD91B00E4FB57 /* Mesher */,
			);
			name = Products;
			sourceTree = "<group>";
		};
		493CD37B1EAE3F2600E4FB57 /* Frameworks */ = {
			isa = PBXGroup;
			children = (
				493CD37E1EAE3F4500E4FB57 /* SDL2_image.framework */,
				493CD37F1EAE3F4500E4FB57 /* SDL2.framework */,
				493CD37C1EAE3F2600E4FB57 /* OpenGL.framework */,
			);
			name = Frameworks;
			sourceTree = "<group>";
		};
		49CC186C1EAFBBA9007EB9AA /* Mesh */ = {
			isa = PBXGroup;
			children = (
				49CC186D1EAFBBA9007EB9AA /* Attribute.h */,
				49CC186E1EAFBBA9007EB9AA /* ID.h */,
				49CC186F1EAFBBA9007EB9AA /* Mesh.h */,
				49CC18701EAFBBA9007EB9AA /* MeshCreator.h */,
				49CC18761EAFBE62007EB9AA /* Search.h */,
				49A616CD1EC78FD700025A1E /* SurfaceMeasures.h */,
			);
			name = Mesh;
			path = ../Mesh/include;
			sourceTree = "<group>";
		};
		49CC18721EAFBBE5007EB9AA /* Mesher */ = {
			isa = PBXGroup;
			children = (
				49CC18731EAFBC01007EB9AA /* Morph.cpp */,
				49CC18741EAFBC01007EB9AA /* Morph.hpp */,
			);
			name = Mesher;
			sourceTree = "<group>";
		};
/* End PBXGroup section */

/* Begin PBXNativeTarget section */
		493CD36E1EADD91B00E4FB57 /* Mesher */ = {
			isa = PBXNativeTarget;
			buildConfigurationList = 493CD3761EADD91B00E4FB57 /* Build configuration list for PBXNativeTarget "Mesher" */;
			buildPhases = (
				493CD36B1EADD91B00E4FB57 /* Sources */,
				493CD36C1EADD91B00E4FB57 /* Frameworks */,
				493CD36D1EADD91B00E4FB57 /* CopyFiles */,
			);
			buildRules = (
			);
			dependencies = (
			);
			name = Mesher;
			productName = Mesher;
			productReference = 493CD36F1EADD91B00E4FB57 /* Mesher */;
			productType = "com.apple.product-type.tool";
		};
/* End PBXNativeTarget section */

/* Begin PBXProject section */
		493CD3671EADD91B00E4FB57 /* Project object */ = {
			isa = PBXProject;
			attributes = {
				LastUpgradeCheck = 0830;
				ORGANIZATIONNAME = "Asger Nyman Christiansen";
				TargetAttributes = {
					493CD36E1EADD91B00E4FB57 = {
						CreatedOnToolsVersion = 8.3.2;
						ProvisioningStyle = Automatic;
					};
				};
			};
			buildConfigurationList = 493CD36A1EADD91B00E4FB57 /* Build configuration list for PBXProject "Mesher" */;
			compatibilityVersion = "Xcode 3.2";
			developmentRegion = English;
			hasScannedForEncodings = 0;
			knownRegions = (
				en,
			);
			mainGroup = 493CD3661EADD91B00E4FB57;
			productRefGroup = 493CD3701EADD91B00E4FB57 /* Products */;
			projectDirPath = "";
			projectRoot = "";
			targets = (
				493CD36E1EADD91B00E4FB57 /* Mesher */,
			);
		};
/* End PBXProject section */

/* Begin PBXSourcesBuildPhase section */
		493CD36B1EADD91B00E4FB57 /* Sources */ = {
			isa = PBXSourcesBuildPhase;
			buildActionMask = 2147483647;
			files = (
				49CC18751EAFBC01007EB9AA /* Morph.cpp in Sources */,
				493CD37A1EADDAD300E4FB57 /* main.cpp in Sources */,
			);
			runOnlyForDeploymentPostprocessing = 0;
		};
/* End PBXSourcesBuildPhase section */

/* Begin XCBuildConfiguration section */
		493CD3741EADD91B00E4FB57 /* Debug */ = {
			isa = XCBuildConfiguration;
			buildSettings = {
				ALWAYS_SEARCH_USER_PATHS = NO;
				CLANG_ANALYZER_NONNULL = YES;
				CLANG_ANALYZER_NUMBER_OBJECT_CONVERSION = YES_AGGRESSIVE;
				CLANG_CXX_LANGUAGE_STANDARD = "gnu++0x";
				CLANG_CXX_LIBRARY = "libc++";
				CLANG_ENABLE_MODULES = YES;
				CLANG_ENABLE_OBJC_ARC = YES;
				CLANG_WARN_BOOL_CONVERSION = YES;
				CLANG_WARN_CONSTANT_CONVERSION = YES;
				CLANG_WARN_DIRECT_OBJC_ISA_USAGE = YES_ERROR;
				CLANG_WARN_DOCUMENTATION_COMMENTS = YES;
				CLANG_WARN_EMPTY_BODY = YES;
				CLANG_WARN_ENUM_CONVERSION = YES;
				CLANG_WARN_INFINITE_RECURSION = YES;
				CLANG_WARN_INT_CONVERSION = YES;
				CLANG_WARN_OBJC_ROOT_CLASS = YES_ERROR;
				CLANG_WARN_SUSPICIOUS_MOVE = YES;
				CLANG_WARN_UNREACHABLE_CODE = YES;
				CLANG_WARN__DUPLICATE_METHOD_MATCH = YES;
				CODE_SIGN_IDENTITY = "-";
				COPY_PHASE_STRIP = NO;
				DEBUG_INFORMATION_FORMAT = dwarf;
				ENABLE_STRICT_OBJC_MSGSEND = YES;
				ENABLE_TESTABILITY = YES;
				GCC_C_LANGUAGE_STANDARD = gnu99;
				GCC_DYNAMIC_NO_PIC = NO;
				GCC_NO_COMMON_BLOCKS = YES;
				GCC_OPTIMIZATION_LEVEL = 0;
				GCC_PREPROCESSOR_DEFINITIONS = (
					"DEBUG=1",
					"$(inherited)",
				);
				GCC_WARN_64_TO_32_BIT_CONVERSION = YES;
				GCC_WARN_ABOUT_RETURN_TYPE = YES_ERROR;
				GCC_WARN_UNDECLARED_SELECTOR = YES;
				GCC_WARN_UNINITIALIZED_AUTOS = YES_AGGRESSIVE;
				GCC_WARN_UNUSED_FUNCTION = YES;
				GCC_WARN_UNUSED_VARIABLE = YES;
				MACOSX_DEPLOYMENT_TARGET = 10.12;
				MTL_ENABLE_DEBUG_INFO = YES;
				ONLY_ACTIVE_ARCH = YES;
				SDKROOT = macosx;
			};
			name = Debug;
		};
		493CD3751EADD91B00E4FB57 /* Release */ = {
			isa = XCBuildConfiguration;
			buildSettings = {
				ALWAYS_SEARCH_USER_PATHS = NO;
				CLANG_ANALYZER_NONNULL = YES;
				CLANG_ANALYZER_NUMBER_OBJECT_CONVERSION = YES_AGGRESSIVE;
				CLANG_CXX_LANGUAGE_STANDARD = "gnu++0x";
				CLANG_CXX_LIBRARY = "libc++";
				CLANG_ENABLE_MODULES = YES;
				CLANG_ENABLE_OBJC_ARC = YES;
				CLANG_WARN_BOOL_CONVERSION = YES;
				CLANG_WARN_CONSTANT_CONVERSION = YES;
				CLANG_WARN_DIRECT_OBJC_ISA_USAGE = YES_ERROR;
				CLANG_WARN_DOCUMENTATION_COMMENTS = YES;
				CLANG_WARN_EMPTY_BODY = YES;
				CLANG_WARN_ENUM_CONVERSION = YES;
				CLANG_WARN_INFINITE_RECURSION = YES;
				CLANG_WARN_INT_CONVERSION = YES;
				CLANG_WARN_OBJC_ROOT_CLASS = YES_ERROR;
				CLANG_WARN_SUSPICIOUS_MOVE = YES;
				CLANG_WARN_UNREACHABLE_CODE = YES;
				CLANG_WARN__DUPLICATE_METHOD_MATCH = YES;
				CODE_SIGN_IDENTITY = "-";
				COPY_PHASE_STRIP = NO;
				DEBUG_INFORMATION_FORMAT = "dwarf-with-dsym";
				ENABLE_NS_ASSERTIONS = NO;
				ENABLE_STRICT_OBJC_MSGSEND = YES;
				GCC_C_LANGUAGE_STANDARD = gnu99;
				GCC_NO_COMMON_BLOCKS = YES;
				GCC_WARN_64_TO_32_BIT_CONVERSION = YES;
				GCC_WARN_ABOUT_RETURN_TYPE = YES_ERROR;
				GCC_WARN_UNDECLARED_SELECTOR = YES;
				GCC_WARN_UNINITIALIZED_AUTOS = YES_AGGRESSIVE;
				GCC_WARN_UNUSED_FUNCTION = YES;
				GCC_WARN_UNUSED_VARIABLE = YES;
				MACOSX_DEPLOYMENT_TARGET = 10.12;
				MTL_ENABLE_DEBUG_INFO = NO;
				SDKROOT = macosx;
			};
			name = Release;
		};
		493CD3771EADD91B00E4FB57 /* Debug */ = {
			isa = XCBuildConfiguration;
			buildSettings = {
				FRAMEWORK_SEARCH_PATHS = (
					"$(inherited)",
					"$(LOCAL_LIBRARY_DIR)/Frameworks",
				);
				HEADER_SEARCH_PATHS = (
					/usr/local/include,
					/Library/Frameworks/SDL2.framework/Headers/,
					/Library/Frameworks/SDL2_image.framework/Headers/,
				);
				PRODUCT_NAME = "$(TARGET_NAME)";
				USER_HEADER_SEARCH_PATHS = "/usr/local/include/glm /opt/local/include/GLFW ./../Mesh/include/ ./../GLEngine/include/";
			};
			name = Debug;
		};
		493CD3781EADD91B00E4FB57 /* Release */ = {
			isa = XCBuildConfiguration;
			buildSettings = {
				FRAMEWORK_SEARCH_PATHS = (
					"$(inherited)",
					"$(LOCAL_LIBRARY_DIR)/Frameworks",
				);
				HEADER_SEARCH_PATHS = (
					/usr/local/include,
					/Library/Frameworks/SDL2.framework/Headers/,
					/Library/Frameworks/SDL2_image.framework/Headers/,
				);
				PRODUCT_NAME = "$(TARGET_NAME)";
				USER_HEADER_SEARCH_PATHS = "/usr/local/include/glm /opt/local/include/GLFW ./../Mesh/include/ ./../GLEngine/include/";
			};
			name = Release;
		};
/* End XCBuildConfiguration section */

/* Begin XCConfigurationList section */
		493CD36A1EADD91B00E4FB57 /* Build configuration list for PBXProject "Mesher" */ = {
			isa = XCConfigurationList;
			buildConfigurations = (
				493CD3741EADD91B00E4FB57 /* Debug */,
				493CD3751EADD91B00E4FB57 /* Release */,
			);
			defaultConfigurationIsVisible = 0;
			defaultConfigurationName = Release;
		};
		493CD3761EADD91B00E4FB57 /* Build configuration list for PBXNativeTarget "Mesher" */ = {
			isa = XCConfigurationList;
			buildConfigurations = (
				493CD3771EADD91B00E4FB57 /* Debug */,
				493CD3781EADD91B00E4FB57 /* Release */,
			);
			defaultConfigurationIsVisible = 0;
			defaultConfigurationName = Release;
		};
/* End XCConfigurationList section */
	};
	rootObject = 493CD3671EADD91B00E4FB57 /* Project object */;
}
